
Microsoft Visual Studio Solution File, Format Version 12.00
# Visual Studio Version 17
VisualStudioVersion = 17.1.32319.34
MinimumVisualStudioVersion = 10.0.40219.1
Project("{2150E333-8FDC-42A3-9474-1A3956D46DE8}") = "Domain", "Domain", "{8C58E298-4F48-482A-8302-F83E80FD47B7}"
EndProject
Project("{2150E333-8FDC-42A3-9474-1A3956D46DE8}") = "Infra.Bus", "Infra.Bus", "{6B8A0B83-6739-453E-A4EE-9D8EC49E5BA7}"
EndProject
Project("{2150E333-8FDC-42A3-9474-1A3956D46DE8}") = "Infra.IoC", "Infra.IoC", "{33925355-878D-4A29-8C4F-F3D5087519F6}"
EndProject
Project("{2150E333-8FDC-42A3-9474-1A3956D46DE8}") = "Microservices", "Microservices", "{15F6F204-6287-4070-A01B-0CCB941104D5}"
EndProject
Project("{9A19103F-16F7-4668-BE54-9A1E7A4F7556}") = "MicroRabbit.Domain.Core", "MicroRabbit.Domain.Core\MicroRabbit.Domain.Core.csproj", "{099F12AE-2697-447A-B461-7D6B15D2EED6}"
EndProject
Project("{9A19103F-16F7-4668-BE54-9A1E7A4F7556}") = "MicroRabbit.Infra.Bus", "MicroRabbit.Infra.Bus\MicroRabbit.Infra.Bus.csproj", "{D78B8F1C-DC58-4258-BC42-BE1BCDDED0FE}"
EndProject
Project("{FAE04EC0-301F-11D3-BF4B-00C04F79EFBC}") = "MicroRabbit.Infra.IoC", "MicroRabbit.Infra.IoC\MicroRabbit.Infra.IoC.csproj", "{3B012A36-F276-4CFD-A982-7E40597EFE39}"
EndProject
Project("{2150E333-8FDC-42A3-9474-1A3956D46DE8}") = "Banking", "Banking", "{E4829510-67AA-4178-A1F2-37FFA819A53E}"
EndProject
Project("{2150E333-8FDC-42A3-9474-1A3956D46DE8}") = "Api", "Api", "{330DFAD1-5FAC-401B-9AD1-D8FA1DF75816}"
EndProject
Project("{2150E333-8FDC-42A3-9474-1A3956D46DE8}") = "Application", "Application", "{B386D317-31A8-422A-ACC6-9070C3443CF8}"
EndProject
Project("{2150E333-8FDC-42A3-9474-1A3956D46DE8}") = "Domain", "Domain", "{9D06F42C-4940-49C5-9F9E-40E456B97331}"
EndProject
Project("{2150E333-8FDC-42A3-9474-1A3956D46DE8}") = "Data", "Data", "{F7718AC0-4176-48A9-8E38-EA77D568D275}"
EndProject
Project("{FAE04EC0-301F-11D3-BF4B-00C04F79EFBC}") = "MicroRabbit.Banking.Api", "MicroRabbit.Banking.Api\MicroRabbit.Banking.Api.csproj", "{3C901235-1585-4B8A-A47F-A3023B36868F}"
EndProject
Project("{FAE04EC0-301F-11D3-BF4B-00C04F79EFBC}") = "MicroRabbit.Banking.Application", "MicroRabbit.Banking.Application\MicroRabbit.Banking.Application.csproj", "{D5833837-7EAD-496B-BFAC-0C0597D589F9}"
EndProject
Project("{FAE04EC0-301F-11D3-BF4B-00C04F79EFBC}") = "MicroRabbit.Banking.Data", "MicroRabbit.Banking.Data\MicroRabbit.Banking.Data.csproj", "{AFC6763A-E147-4DB6-A57B-6EAFBF67DCA0}"
EndProject
Project("{FAE04EC0-301F-11D3-BF4B-00C04F79EFBC}") = "MicroRabbit.Banking.Domain", "MicroRabbit.Banking.Domain\MicroRabbit.Banking.Domain.csproj", "{ECF9C3DD-BE89-42FD-A45D-B11BF0DB70D2}"
EndProject
Global
	GlobalSection(SolutionConfigurationPlatforms) = preSolution
		Debug|Any CPU = Debug|Any CPU
		Release|Any CPU = Release|Any CPU
	EndGlobalSection
	GlobalSection(ProjectConfigurationPlatforms) = postSolution
		{099F12AE-2697-447A-B461-7D6B15D2EED6}.Debug|Any CPU.ActiveCfg = Debug|Any CPU
		{099F12AE-2697-447A-B461-7D6B15D2EED6}.Debug|Any CPU.Build.0 = Debug|Any CPU
		{099F12AE-2697-447A-B461-7D6B15D2EED6}.Release|Any CPU.ActiveCfg = Release|Any CPU
		{099F12AE-2697-447A-B461-7D6B15D2EED6}.Release|Any CPU.Build.0 = Release|Any CPU
		{D78B8F1C-DC58-4258-BC42-BE1BCDDED0FE}.Debug|Any CPU.ActiveCfg = Debug|Any CPU
		{D78B8F1C-DC58-4258-BC42-BE1BCDDED0FE}.Debug|Any CPU.Build.0 = Debug|Any CPU
		{D78B8F1C-DC58-4258-BC42-BE1BCDDED0FE}.Release|Any CPU.ActiveCfg = Release|Any CPU
		{D78B8F1C-DC58-4258-BC42-BE1BCDDED0FE}.Release|Any CPU.Build.0 = Release|Any CPU
		{3B012A36-F276-4CFD-A982-7E40597EFE39}.Debug|Any CPU.ActiveCfg = Debug|Any CPU
		{3B012A36-F276-4CFD-A982-7E40597EFE39}.Debug|Any CPU.Build.0 = Debug|Any CPU
		{3B012A36-F276-4CFD-A982-7E40597EFE39}.Release|Any CPU.ActiveCfg = Release|Any CPU
		{3B012A36-F276-4CFD-A982-7E40597EFE39}.Release|Any CPU.Build.0 = Release|Any CPU
		{3C901235-1585-4B8A-A47F-A3023B36868F}.Debug|Any CPU.ActiveCfg = Debug|Any CPU
		{3C901235-1585-4B8A-A47F-A3023B36868F}.Debug|Any CPU.Build.0 = Debug|Any CPU
		{3C901235-1585-4B8A-A47F-A3023B36868F}.Release|Any CPU.ActiveCfg = Release|Any CPU
		{3C901235-1585-4B8A-A47F-A3023B36868F}.Release|Any CPU.Build.0 = Release|Any CPU
		{D5833837-7EAD-496B-BFAC-0C0597D589F9}.Debug|Any CPU.ActiveCfg = Debug|Any CPU
		{D5833837-7EAD-496B-BFAC-0C0597D589F9}.Debug|Any CPU.Build.0 = Debug|Any CPU
		{D5833837-7EAD-496B-BFAC-0C0597D589F9}.Release|Any CPU.ActiveCfg = Release|Any CPU
		{D5833837-7EAD-496B-BFAC-0C0597D589F9}.Release|Any CPU.Build.0 = Release|Any CPU
		{AFC6763A-E147-4DB6-A57B-6EAFBF67DCA0}.Debug|Any CPU.ActiveCfg = Debug|Any CPU
		{AFC6763A-E147-4DB6-A57B-6EAFBF67DCA0}.Debug|Any CPU.Build.0 = Debug|Any CPU
		{AFC6763A-E147-4DB6-A57B-6EAFBF67DCA0}.Release|Any CPU.ActiveCfg = Release|Any CPU
		{AFC6763A-E147-4DB6-A57B-6EAFBF67DCA0}.Release|Any CPU.Build.0 = Release|Any CPU
		{ECF9C3DD-BE89-42FD-A45D-B11BF0DB70D2}.Debug|Any CPU.ActiveCfg = Debug|Any CPU
		{ECF9C3DD-BE89-42FD-A45D-B11BF0DB70D2}.Debug|Any CPU.Build.0 = Debug|Any CPU
		{ECF9C3DD-BE89-42FD-A45D-B11BF0DB70D2}.Release|Any CPU.ActiveCfg = Release|Any CPU
		{ECF9C3DD-BE89-42FD-A45D-B11BF0DB70D2}.Release|Any CPU.Build.0 = Release|Any CPU
	EndGlobalSection
	GlobalSection(SolutionProperties) = preSolution
		HideSolutionNode = FALSE
	EndGlobalSection
	GlobalSection(NestedProjects) = preSolution
		{099F12AE-2697-447A-B461-7D6B15D2EED6} = {8C58E298-4F48-482A-8302-F83E80FD47B7}
		{D78B8F1C-DC58-4258-BC42-BE1BCDDED0FE} = {6B8A0B83-6739-453E-A4EE-9D8EC49E5BA7}
		{3B012A36-F276-4CFD-A982-7E40597EFE39} = {33925355-878D-4A29-8C4F-F3D5087519F6}
		{E4829510-67AA-4178-A1F2-37FFA819A53E} = {15F6F204-6287-4070-A01B-0CCB941104D5}
		{330DFAD1-5FAC-401B-9AD1-D8FA1DF75816} = {E4829510-67AA-4178-A1F2-37FFA819A53E}
		{B386D317-31A8-422A-ACC6-9070C3443CF8} = {E4829510-67AA-4178-A1F2-37FFA819A53E}
		{9D06F42C-4940-49C5-9F9E-40E456B97331} = {E4829510-67AA-4178-A1F2-37FFA819A53E}
		{F7718AC0-4176-48A9-8E38-EA77D568D275} = {E4829510-67AA-4178-A1F2-37FFA819A53E}
		{3C901235-1585-4B8A-A47F-A3023B36868F} = {330DFAD1-5FAC-401B-9AD1-D8FA1DF75816}
		{D5833837-7EAD-496B-BFAC-0C0597D589F9} = {B386D317-31A8-422A-ACC6-9070C3443CF8}
		{AFC6763A-E147-4DB6-A57B-6EAFBF67DCA0} = {F7718AC0-4176-48A9-8E38-EA77D568D275}
		{ECF9C3DD-BE89-42FD-A45D-B11BF0DB70D2} = {9D06F42C-4940-49C5-9F9E-40E456B97331}
	EndGlobalSection
	GlobalSection(ExtensibilityGlobals) = postSolution
		SolutionGuid = {AD0147D7-7122-4F29-B85B-7E99568CF325}
	EndGlobalSection
EndGlobal
